# This file is autogenerated, do not edit; changes may be undone by the next 'dep ensure'.


[[projects]]
  digest = "1:ffe9824d294da03b391f44e1ae8281281b4afc1bdaa9588c9097785e3af10cec"
  name = "github.com/davecgh/go-spew"
  packages = ["spew"]
  pruneopts = "UT"
  revision = "8991bc29aa16c548c550c7ff78260e27b9ab7c73"
  version = "v1.1.1"

[[projects]]
  digest = "1:76dc72490af7174349349838f2fe118996381b31ea83243812a97e5a0fd5ed55"
  name = "github.com/dgrijalva/jwt-go"
  packages = ["."]
  pruneopts = "UT"
  revision = "06ea1031745cb8b3dab3f6a236daf2b0aa468b7e"
  version = "v3.2.0"

[[projects]]
  digest = "1:a9fe0f8ff72c388d0128e88ce5f3c27d37dcd0950acd7cdb8323555f12463396"
  name = "github.com/go-chi/chi"
  packages = [
    ".",
    "middleware",
  ]
  pruneopts = "UT"
  revision = "b5294d10673813fac8558e7f47242bc9e61b4c25"
  version = "v3.3.3"

[[projects]]
  digest = "1:49d45e550e71bc3662b46e746ac297e2d60a227702a2e3ae5103035f5187c35e"
  name = "github.com/go-chi/jwtauth"
  packages = ["."]
  pruneopts = "UT"
  revision = "fcf2c975beb3edf5fd627d4904f693ebfc3c4363"
  version = "v4.0.0"

[[projects]]
  digest = "1:adea5a94903eb4384abef30f3d878dc9ff6b6b5b0722da25b82e5169216dfb61"
  name = "github.com/go-sql-driver/mysql"
  packages = ["."]
  pruneopts = "UT"
  revision = "d523deb1b23d913de5bdada721a6071e71283618"
  version = "v1.4.0"

[[projects]]
  digest = "1:8528d3cbf45eb210685dfca9b4600d689dd816b88082d0d76c649b0773c477eb"
  name = "github.com/golang-migrate/migrate"
  packages = [
    ".",
    "database",
    "database/sqlite3",
    "source",
    "source/file",
  ]
  pruneopts = "UT"
  revision = "4937cd088f7c7193ee59b319c1c2caa7482aae8e"
  version = "v3.5.4"

[[projects]]
  digest = "1:60bfcd256ec46ee9dc194a84b5c3851b91bf3edd6fbb9600d57b122e9fdb6cc6"
  name = "github.com/golang/protobuf"
  packages = [
    "jsonpb",
    "proto",
    "protoc-gen-go",
    "protoc-gen-go/descriptor",
    "protoc-gen-go/generator",
    "protoc-gen-go/generator/internal/remap",
    "protoc-gen-go/grpc",
    "protoc-gen-go/plugin",
    "ptypes",
    "ptypes/any",
    "ptypes/duration",
    "ptypes/struct",
    "ptypes/timestamp",
    "ptypes/wrappers",
  ]
  pruneopts = "UT"
  revision = "aa810b61a9c79d51363740d207bb46cf8e620ed5"

[[projects]]
  digest = "1:43dd08a10854b2056e615d1b1d22ac94559d822e1f8b6fcc92c1a1057e85188e"
  name = "github.com/gorilla/websocket"
  packages = ["."]
  pruneopts = "UT"
  revision = "ea4d1f681babbce9545c9c5f3d5194a789c89f5b"
  version = "v1.2.0"

[[projects]]
  digest = "1:1125fb981553dec25344f857eb68ccf2438c3696bc2f718acbb56321933490d0"
  name = "github.com/grpc-ecosystem/grpc-gateway"
  packages = [
    "runtime",
    "runtime/internal",
    "utilities",
  ]
  pruneopts = "UT"
  revision = "d8ad87ee91e1062c2a6117bda0b5523e9cb949ef"

[[projects]]
  digest = "1:227ab1432a0894412b3e2c78412c3d5bbaaeb5829a89e92407498dddc5f736ec"
  name = "github.com/improbable-eng/grpc-web"
  packages = ["go/grpcweb"]
  pruneopts = "UT"
  revision = "72eb701d6f320ca324b3347c7925a720b553eae5"
  version = "0.6.2"

[[projects]]
  digest = "1:235ae01f32fb5f12c5f6d2e0e05ab48e651ab31c126e45a4efc4f510810941ac"
  name = "github.com/jinzhu/gorm"
  packages = ["."]
  pruneopts = "UT"
  revision = "6ed508ec6a4ecb3531899a69cbc746ccf65a4166"
  version = "v1.9.1"

[[projects]]
  branch = "master"
  digest = "1:fd97437fbb6b7dce04132cf06775bd258cce305c44add58eb55ca86c6c325160"
  name = "github.com/jinzhu/inflection"
  packages = ["."]
  pruneopts = "UT"
  revision = "04140366298a54a039076d798123ffa108fff46c"

[[projects]]
  digest = "1:7ec8b696974b021c6cf51f92f9d07d386a24067e9bbf0b49bd9924fe06f60d1e"
  name = "github.com/jnewmano/grpc-json-proxy"
  packages = ["codec"]
  pruneopts = "UT"
  revision = "844ea2b143ffa2aa1b8dd424ea02e832398d7c6f"
  version = "0.0.1"

[[projects]]
  digest = "1:70e697d67ccaec45e16bac3a32380ebcd9e7e071079c60d0171d42cf1cf9748a"
  name = "github.com/joho/godotenv"
  packages = ["."]
  pruneopts = "UT"
  revision = "a79fa1e548e2c689c241d10173efd51e5d689d5b"
  version = "v1.2.0"

[[projects]]
  digest = "1:edbef42561faa44c19129b68d1e109fbc1647f63239250391eadc8d0e7c9f669"
  name = "github.com/kelseyhightower/envconfig"
  packages = ["."]
  pruneopts = "UT"
  revision = "f611eb38b3875cc3bd991ca91c51d06446afa14c"
  version = "v1.3.0"

[[projects]]
  branch = "master"
  digest = "1:7ea84716ab53c13c7a574fb955ee037f31bfd6e519ad1b8299eda40aa05edf33"
  name = "github.com/lestrrat/go-jwx"
  packages = [
    "internal/base64",
    "jwa",
    "jwk",
  ]
  pruneopts = "UT"
  revision = "b7d4802280aef47b8786da314e8675d41d980b04"

[[projects]]
  branch = "master"
  digest = "1:27f17849bfe2b9119be21d515c086880a001f9a7e4df1e95d8f8a63ba447001b"
  name = "github.com/lestrrat/go-pdebug"
  packages = ["."]
  pruneopts = "UT"
  revision = "569c97477ae8837e053e5a50bc739e15172b8ebe"

[[projects]]
  digest = "1:4a49346ca45376a2bba679ca0e83bec949d780d4e927931317904bad482943ec"
  name = "github.com/mattn/go-sqlite3"
  packages = ["."]
  pruneopts = "UT"
  revision = "c7c4067b79cc51e6dfdcef5c702e74b1e0fa7c75"
  version = "v1.10.0"

[[projects]]
  digest = "1:40e195917a951a8bf867cd05de2a46aaf1806c50cf92eebf4c16f78cd196f747"
  name = "github.com/pkg/errors"
  packages = ["."]
  pruneopts = "UT"
  revision = "645ef00459ed84a119197bfb8d8205042c6df63d"
  version = "v0.8.0"

[[projects]]
  digest = "1:4ecb6f0baafbb1d9fa8c6eeecc52a2f1851fa125749f8565ff8fb96d3522c16c"
  name = "github.com/plaid/plaid-go"
  packages = [
    "internal",
    "plaid",
  ]
  pruneopts = "UT"
  revision = "ef879de0d7bd1325d31c59a4ba290064dfb1b071"
  version = "1.1.0"

[[projects]]
  digest = "1:0028cb19b2e4c3112225cd871870f2d9cf49b9b4276531f03438a88e94be86fe"
  name = "github.com/pmezard/go-difflib"
  packages = ["difflib"]
  pruneopts = "UT"
  revision = "792786c7400a136282c1664665ae0a8db921c6c2"
  version = "v1.0.0"

[[projects]]
  digest = "1:0b8dd7447e420afff0260179dc892711e837edd1d446bc78dab924624a3c3c81"
  name = "github.com/rs/cors"
  packages = ["."]
  pruneopts = "UT"
  revision = "3fb1b69b103a84de38a19c3c6ec073dd6caa4d3f"
  version = "v1.5.0"

[[projects]]
  digest = "1:c40d65817cdd41fac9aa7af8bed56927bb2d6d47e4fea566a74880f5c2b1c41e"
  name = "github.com/stretchr/testify"
  packages = [
    "assert",
    "require",
  ]
  pruneopts = "UT"
  revision = "f35b8ab0b5a2cef36673838d662e249dd9c94686"
  version = "v1.2.2"

[[projects]]
  branch = "master"
  digest = "1:b5c3834d33445efdc5a8dcb154bed9e4c211edadbf02f6f5cc20c5e9be26a499"
  name = "golang.org/x/net"
  packages = [
    "context",
    "http/httpguts",
    "http2",
    "http2/hpack",
    "idna",
    "internal/timeseries",
    "trace",
  ]
  pruneopts = "UT"
  revision = "aaf60122140d3fcf75376d319f0554393160eb50"

[[projects]]
  branch = "master"
  digest = "1:05662433b3a13c921587a6e622b5722072edff83211efd1cd79eeaeedfd83f07"
  name = "golang.org/x/sys"
  packages = ["unix"]
  pruneopts = "UT"
  revision = "1c9583448a9c3aa0f9a6a5241bf73c0bd8aafded"

[[projects]]
  digest = "1:a2ab62866c75542dd18d2b069fec854577a20211d7c0ea6ae746072a1dccdd18"
  name = "golang.org/x/text"
  packages = [
    "collate",
    "collate/build",
    "internal/colltab",
    "internal/gen",
    "internal/tag",
    "internal/triegen",
    "internal/ucd",
    "language",
    "secure/bidirule",
    "transform",
    "unicode/bidi",
    "unicode/cldr",
    "unicode/norm",
    "unicode/rangetable",
  ]
  pruneopts = "UT"
  revision = "f21a4dfb5e38f5895301dc265a8def02365cc3d0"
  version = "v0.3.0"

[[projects]]
  digest = "1:c25289f43ac4a68d88b02245742347c94f1e108c534dda442188015ff80669b3"
  name = "google.golang.org/appengine"
  packages = ["cloudsql"]
  pruneopts = "UT"
  revision = "4a4468ece617fc8205e99368fa2200e9d1fad421"
  version = "v1.3.0"

[[projects]]
  digest = "1:0ff5d79ff7df5c47800f11c139615b2e485efd0014b74257c1f46cb6cb3bb84d"
  name = "google.golang.org/genproto"
  packages = [
    "googleapis/api/annotations",
    "googleapis/rpc/status",
    "protobuf/field_mask",
  ]
  pruneopts = "UT"
  revision = "383e8b2c3b9e36c4076b235b32537292176bae20"

[[projects]]
  digest = "1:e72ebff67b73d31785959af0660215213c58ab50d7b7d61aac0f1a6834c07e8c"
  name = "google.golang.org/grpc"
  packages = [
    ".",
    "balancer",
    "balancer/base",
    "balancer/roundrobin",
    "codes",
    "connectivity",
    "credentials",
    "encoding",
    "encoding/proto",
    "grpclog",
    "internal",
    "internal/backoff",
    "internal/channelz",
    "internal/envconfig",
    "internal/grpcrand",
    "internal/transport",
    "keepalive",
    "metadata",
    "naming",
    "peer",
    "reflection",
    "reflection/grpc_reflection_v1alpha",
    "resolver",
    "resolver/dns",
    "resolver/passthrough",
    "stats",
    "status",
    "tap",
  ]
  pruneopts = "UT"
  revision = "2e463a05d100327ca47ac218281906921038fd95"
  version = "v1.16.0"

[solve-meta]
  analyzer-name = "dep"
  analyzer-version = 1
  input-imports = [
    "github.com/go-chi/chi",
    "github.com/go-chi/chi/middleware",
    "github.com/go-chi/jwtauth",
    "github.com/go-sql-driver/mysql",
    "github.com/golang-migrate/migrate/database/sqlite3",
    "github.com/golang-migrate/migrate/source/file",
    "github.com/golang/protobuf/proto",
    "github.com/golang/protobuf/protoc-gen-go",
    "github.com/grpc-ecosystem/grpc-gateway/runtime",
    "github.com/grpc-ecosystem/grpc-gateway/utilities",
    "github.com/improbable-eng/grpc-web/go/grpcweb",
    "github.com/jinzhu/gorm",
    "github.com/jnewmano/grpc-json-proxy/codec",
    "github.com/joho/godotenv",
    "github.com/kelseyhightower/envconfig",
    "github.com/lestrrat/go-jwx/jwk",
    "github.com/mattn/go-sqlite3",
    "github.com/pkg/errors",
    "github.com/plaid/plaid-go/plaid",
    "github.com/stretchr/testify/require",
    "golang.org/x/net/context",
    "google.golang.org/genproto/googleapis/api/annotations",
    "google.golang.org/grpc",
    "google.golang.org/grpc/codes",
    "google.golang.org/grpc/credentials",
    "google.golang.org/grpc/grpclog",
    "google.golang.org/grpc/reflection",
    "google.golang.org/grpc/status",
  ]
  solver-name = "gps-cdcl"
  solver-version = 1
